
Microsoft Visual Studio Solution File, Format Version 12.00
# Visual Studio Version 16
VisualStudioVersion = 16.0.30907.101
MinimumVisualStudioVersion = 10.0.40219.1
Project("{FAE04EC0-301F-11D3-BF4B-00C04F79EFBC}") = "wedbandt", "wedbandt\wedbandt.csproj", "{3C79108C-4454-445A-9635-347CF85349AB}"
EndProject
Global
	GlobalSection(SolutionConfigurationPlatforms) = preSolution
		Debug|Any CPU = Debug|Any CPU
		Release|Any CPU = Release|Any CPU
	EndGlobalSection
	GlobalSection(ProjectConfigurationPlatforms) = postSolution
		{3C79108C-4454-445A-9635-347CF85349AB}.Debug|Any CPU.ActiveCfg = Debug|Any CPU
		{3C79108C-4454-445A-9635-347CF85349AB}.Debug|Any CPU.Build.0 = Debug|Any CPU
		{3C79108C-4454-445A-9635-347CF85349AB}.Release|Any CPU.ActiveCfg = Release|Any CPU
		{3C79108C-4454-445A-9635-347CF85349AB}.Release|Any CPU.Build.0 = Release|Any CPU
	EndGlobalSection
	GlobalSection(SolutionProperties) = preSolution
		HideSolutionNode = FALSE
	EndGlobalSection
	GlobalSection(ExtensibilityGlobals) = postSolution
		SolutionGuid = {6287661E-C374-44B0-9F36-0021A02F426B}
	EndGlobalSection
EndGlobal
